
Microsoft Visual Studio Solution File, Format Version 12.00
# Visual Studio Version 17
VisualStudioVersion = 17.2.32630.192
MinimumVisualStudioVersion = 10.0.40219.1
Project("{FAE04EC0-301F-11D3-BF4B-00C04F79EFBC}") = "Day10AddressBookSystem", "Day10AddressBookSystem\Day10AddressBookSystem.csproj", "{0DB0ECCF-43CD-48E4-A1EA-0A97DC3E8169}"
EndProject
Global
	GlobalSection(SolutionConfigurationPlatforms) = preSolution
		Debug|Any CPU = Debug|Any CPU
		Release|Any CPU = Release|Any CPU
	EndGlobalSection
	GlobalSection(ProjectConfigurationPlatforms) = postSolution
		{0DB0ECCF-43CD-48E4-A1EA-0A97DC3E8169}.Debug|Any CPU.ActiveCfg = Debug|Any CPU
		{0DB0ECCF-43CD-48E4-A1EA-0A97DC3E8169}.Debug|Any CPU.Build.0 = Debug|Any CPU
		{0DB0ECCF-43CD-48E4-A1EA-0A97DC3E8169}.Release|Any CPU.ActiveCfg = Release|Any CPU
		{0DB0ECCF-43CD-48E4-A1EA-0A97DC3E8169}.Release|Any CPU.Build.0 = Release|Any CPU
	EndGlobalSection
	GlobalSection(SolutionProperties) = preSolution
		HideSolutionNode = FALSE
	EndGlobalSection
	GlobalSection(ExtensibilityGlobals) = postSolution
		SolutionGuid = {8D9FE212-CCD9-40E1-B985-9527BFEF3A93}
	EndGlobalSection
EndGlobal
